Microsoft Visual Studio Solution File, Format Version 11.00
# Visual Studio 2008

Project("{ED2E0E19-1264-D697-9EC8-5BBF206F25F5}") = "DinoShooter", "Assembly-CSharp-firstpass.csproj", "{E8F72643-6457-6B52-8D4E-1DD430B426B0}"
EndProject
Project("{ED2E0E19-1264-D697-9EC8-5BBF206F25F5}") = "DinoShooter", "Assembly-CSharp.csproj", "{22EF229F-D7A0-72E7-0AC9-ECF8282C07B5}"
EndProject
Project("{ED2E0E19-1264-D697-9EC8-5BBF206F25F5}") = "DinoShooter", "Assembly-UnityScript-firstpass.unityproj", "{770A3B92-85BC-5D1B-C565-289A84CEF3F6}"
EndProject
Project("{ED2E0E19-1264-D697-9EC8-5BBF206F25F5}") = "DinoShooter", "Assembly-UnityScript.unityproj", "{9C92752E-5910-0ED2-C765-CBAF445621CB}"
EndProject
Project("{ED2E0E19-1264-D697-9EC8-5BBF206F25F5}") = "DinoShooter", "Assembly-UnityScript-Editor.unityproj", "{2638425C-9F4F-4688-F320-3AF98DA4AFDB}"
EndProject
Global
	GlobalSection(SolutionConfigurationPlatforms) = preSolution
		Debug|Any CPU = Debug|Any CPU
		Release|Any CPU = Release|Any CPU
	EndGlobalSection
	GlobalSection(ProjectConfigurationPlatforms) = postSolution
		{E8F72643-6457-6B52-8D4E-1DD430B426B0}.Debug|Any CPU.ActiveCfg = Debug|Any CPU
		{E8F72643-6457-6B52-8D4E-1DD430B426B0}.Debug|Any CPU.Build.0 = Debug|Any CPU
		{E8F72643-6457-6B52-8D4E-1DD430B426B0}.Release|Any CPU.ActiveCfg = Release|Any CPU
		{E8F72643-6457-6B52-8D4E-1DD430B426B0}.Release|Any CPU.Build.0 = Release|Any CPU
		{22EF229F-D7A0-72E7-0AC9-ECF8282C07B5}.Debug|Any CPU.ActiveCfg = Debug|Any CPU
		{22EF229F-D7A0-72E7-0AC9-ECF8282C07B5}.Debug|Any CPU.Build.0 = Debug|Any CPU
		{22EF229F-D7A0-72E7-0AC9-ECF8282C07B5}.Release|Any CPU.ActiveCfg = Release|Any CPU
		{22EF229F-D7A0-72E7-0AC9-ECF8282C07B5}.Release|Any CPU.Build.0 = Release|Any CPU
		{770A3B92-85BC-5D1B-C565-289A84CEF3F6}.Debug|Any CPU.ActiveCfg = Debug|Any CPU
		{770A3B92-85BC-5D1B-C565-289A84CEF3F6}.Debug|Any CPU.Build.0 = Debug|Any CPU
		{770A3B92-85BC-5D1B-C565-289A84CEF3F6}.Release|Any CPU.ActiveCfg = Release|Any CPU
		{770A3B92-85BC-5D1B-C565-289A84CEF3F6}.Release|Any CPU.Build.0 = Release|Any CPU
		{9C92752E-5910-0ED2-C765-CBAF445621CB}.Debug|Any CPU.ActiveCfg = Debug|Any CPU
		{9C92752E-5910-0ED2-C765-CBAF445621CB}.Debug|Any CPU.Build.0 = Debug|Any CPU
		{9C92752E-5910-0ED2-C765-CBAF445621CB}.Release|Any CPU.ActiveCfg = Release|Any CPU
		{9C92752E-5910-0ED2-C765-CBAF445621CB}.Release|Any CPU.Build.0 = Release|Any CPU
		{2638425C-9F4F-4688-F320-3AF98DA4AFDB}.Debug|Any CPU.ActiveCfg = Debug|Any CPU
		{2638425C-9F4F-4688-F320-3AF98DA4AFDB}.Debug|Any CPU.Build.0 = Debug|Any CPU
		{2638425C-9F4F-4688-F320-3AF98DA4AFDB}.Release|Any CPU.ActiveCfg = Release|Any CPU
		{2638425C-9F4F-4688-F320-3AF98DA4AFDB}.Release|Any CPU.Build.0 = Release|Any CPU
	EndGlobalSection
	GlobalSection(SolutionProperties) = preSolution
		HideSolutionNode = FALSE
	EndGlobalSection
																																																																																																																							GlobalSection(MonoDevelopProperties) = preSolution
		StartupItem = Assembly-CSharp.csproj
		Policies = $0
		$0.TextStylePolicy = $1
		$1.inheritsSet = null
		$1.scope = text/x-csharp
		$0.CSharpFormattingPolicy = $2
		$2.inheritsSet = Mono
		$2.inheritsScope = text/x-csharp
		$2.scope = text/x-csharp
		$0.TextStylePolicy = $3
		$3.FileWidth = 120
		$3.TabWidth = 4
		$3.EolMarker = Unix
		$3.inheritsSet = Mono
		$3.inheritsScope = text/plain
		$3.scope = text/plain
	EndGlobalSection

EndGlobal
